// !$*UTF8*$!
{
	archiveVersion = 1;
	classes = {
	};
	objectVersion = 50;
	objects = {

/* Begin PBXBuildFile section */
		04096BE121B146AE002DDD08 /* CoreEmloyeesViewModel.swift in Sources */ = {isa = PBXBuildFile; fileRef = 04096BE021B146AE002DDD08 /* CoreEmloyeesViewModel.swift */; };
		04096BF321B15758002DDD08 /* EnteringViewController.swift in Sources */ = {isa = PBXBuildFile; fileRef = 04096BF221B15758002DDD08 /* EnteringViewController.swift */; };
		04096BF521B15DEB002DDD08 /* EmployeeViewController.swift in Sources */ = {isa = PBXBuildFile; fileRef = 04096BF421B15DEB002DDD08 /* EmployeeViewController.swift */; };
		04096BF721B19B4D002DDD08 /* EmployeeTableViewCell.swift in Sources */ = {isa = PBXBuildFile; fileRef = 04096BF621B19B4D002DDD08 /* EmployeeTableViewCell.swift */; };
		04096BFA21B2AE59002DDD08 /* Employee.swift in Sources */ = {isa = PBXBuildFile; fileRef = 04096BF921B2AE59002DDD08 /* Employee.swift */; };
		04096C1721B2C79B002DDD08 /* AddEmloyeeInfoVC.swift in Sources */ = {isa = PBXBuildFile; fileRef = 04096C1521B2C79B002DDD08 /* AddEmloyeeInfoVC.swift */; };
		04096C1821B2C79B002DDD08 /* AddEmloyeeInfoVC.xib in Resources */ = {isa = PBXBuildFile; fileRef = 04096C1621B2C79B002DDD08 /* AddEmloyeeInfoVC.xib */; };
		043D41F821B40247007A6247 /* CoreViewModelProtocol.swift in Sources */ = {isa = PBXBuildFile; fileRef = 043D41F721B40247007A6247 /* CoreViewModelProtocol.swift */; };
		043D41FA21B41B2D007A6247 /* ListOfEmployeeViewController.swift in Sources */ = {isa = PBXBuildFile; fileRef = 043D41F921B41B2D007A6247 /* ListOfEmployeeViewController.swift */; };
		043D41FC21B425C4007A6247 /* RoundedButton.swift in Sources */ = {isa = PBXBuildFile; fileRef = 043D41FB21B425C4007A6247 /* RoundedButton.swift */; };
		04A028E221AF050C0046F798 /* Tasks.xcdatamodeld in Sources */ = {isa = PBXBuildFile; fileRef = 04A028E021AF050C0046F798 /* Tasks.xcdatamodeld */; };
		04A028E421AF08090046F798 /* Task.swift in Sources */ = {isa = PBXBuildFile; fileRef = 04A028E321AF08090046F798 /* Task.swift */; };
		04A028E621AF09EB0046F798 /* CoreTasksViewModel.swift in Sources */ = {isa = PBXBuildFile; fileRef = 04A028E521AF09EB0046F798 /* CoreTasksViewModel.swift */; };
		04A028E921AF2ECF0046F798 /* Constants.swift in Sources */ = {isa = PBXBuildFile; fileRef = 04A028E821AF2ECF0046F798 /* Constants.swift */; };
		04D88E9F21B429E900729F5D /* RoundedImg.swift in Sources */ = {isa = PBXBuildFile; fileRef = 04D88E9E21B429E800729F5D /* RoundedImg.swift */; };
		04D88EA121B42A4300729F5D /* ListOfEmployeeTableViewCell.swift in Sources */ = {isa = PBXBuildFile; fileRef = 04D88EA021B42A4300729F5D /* ListOfEmployeeTableViewCell.swift */; };
		04F7EC0F21AB192A00E3C0D0 /* AppDelegate.swift in Sources */ = {isa = PBXBuildFile; fileRef = 04F7EC0E21AB192A00E3C0D0 /* AppDelegate.swift */; };
		04F7EC1121AB192A00E3C0D0 /* TasksViewController.swift in Sources */ = {isa = PBXBuildFile; fileRef = 04F7EC1021AB192A00E3C0D0 /* TasksViewController.swift */; };
		04F7EC1421AB192A00E3C0D0 /* Main.storyboard in Resources */ = {isa = PBXBuildFile; fileRef = 04F7EC1221AB192A00E3C0D0 /* Main.storyboard */; };
		04F7EC1621AB193200E3C0D0 /* Assets.xcassets in Resources */ = {isa = PBXBuildFile; fileRef = 04F7EC1521AB193200E3C0D0 /* Assets.xcassets */; };
		04F7EC1921AB193200E3C0D0 /* LaunchScreen.storyboard in Resources */ = {isa = PBXBuildFile; fileRef = 04F7EC1721AB193200E3C0D0 /* LaunchScreen.storyboard */; };
		04F7EC2121AB21F900E3C0D0 /* TasksTableViewCell.swift in Sources */ = {isa = PBXBuildFile; fileRef = 04F7EC2021AB21F900E3C0D0 /* TasksTableViewCell.swift */; };
		656CBB62C54F39ED0AF32AFE /* Pods_TaskCoreDataTableView.framework in Frameworks */ = {isa = PBXBuildFile; fileRef = 0384190FA6E41C7918A0C1CF /* Pods_TaskCoreDataTableView.framework */; };
/* End PBXBuildFile section */

/* Begin PBXFileReference section */
		0384190FA6E41C7918A0C1CF /* Pods_TaskCoreDataTableView.framework */ = {isa = PBXFileReference; explicitFileType = wrapper.framework; includeInIndex = 0; path = Pods_TaskCoreDataTableView.framework; sourceTree = BUILT_PRODUCTS_DIR; };
		04096BE021B146AE002DDD08 /* CoreEmloyeesViewModel.swift */ = {isa = PBXFileReference; lastKnownFileType = sourcecode.swift; path = CoreEmloyeesViewModel.swift; sourceTree = "<group>"; };
		04096BF221B15758002DDD08 /* EnteringViewController.swift */ = {isa = PBXFileReference; lastKnownFileType = sourcecode.swift; path = EnteringViewController.swift; sourceTree = "<group>"; };
		04096BF421B15DEB002DDD08 /* EmployeeViewController.swift */ = {isa = PBXFileReference; lastKnownFileType = sourcecode.swift; path = EmployeeViewController.swift; sourceTree = "<group>"; };
		04096BF621B19B4D002DDD08 /* EmployeeTableViewCell.swift */ = {isa = PBXFileReference; lastKnownFileType = sourcecode.swift; path = EmployeeTableViewCell.swift; sourceTree = "<group>"; };
		04096BF921B2AE59002DDD08 /* Employee.swift */ = {isa = PBXFileReference; lastKnownFileType = sourcecode.swift; path = Employee.swift; sourceTree = "<group>"; };
		04096C1521B2C79B002DDD08 /* AddEmloyeeInfoVC.swift */ = {isa = PBXFileReference; lastKnownFileType = sourcecode.swift; path = AddEmloyeeInfoVC.swift; sourceTree = "<group>"; };
		04096C1621B2C79B002DDD08 /* AddEmloyeeInfoVC.xib */ = {isa = PBXFileReference; lastKnownFileType = file.xib; path = AddEmloyeeInfoVC.xib; sourceTree = "<group>"; };
		043D41F721B40247007A6247 /* CoreViewModelProtocol.swift */ = {isa = PBXFileReference; lastKnownFileType = sourcecode.swift; path = CoreViewModelProtocol.swift; sourceTree = "<group>"; };
		043D41F921B41B2D007A6247 /* ListOfEmployeeViewController.swift */ = {isa = PBXFileReference; lastKnownFileType = sourcecode.swift; path = ListOfEmployeeViewController.swift; sourceTree = "<group>"; };
		043D41FB21B425C4007A6247 /* RoundedButton.swift */ = {isa = PBXFileReference; lastKnownFileType = sourcecode.swift; path = RoundedButton.swift; sourceTree = "<group>"; };
		04A028E121AF050C0046F798 /* Tasks.xcdatamodel */ = {isa = PBXFileReference; lastKnownFileType = wrapper.xcdatamodel; path = Tasks.xcdatamodel; sourceTree = "<group>"; };
		04A028E321AF08090046F798 /* Task.swift */ = {isa = PBXFileReference; lastKnownFileType = sourcecode.swift; path = Task.swift; sourceTree = "<group>"; };
		04A028E521AF09EB0046F798 /* CoreTasksViewModel.swift */ = {isa = PBXFileReference; lastKnownFileType = sourcecode.swift; path = CoreTasksViewModel.swift; sourceTree = "<group>"; };
		04A028E821AF2ECF0046F798 /* Constants.swift */ = {isa = PBXFileReference; lastKnownFileType = sourcecode.swift; path = Constants.swift; sourceTree = "<group>"; };
		04D88E9E21B429E800729F5D /* RoundedImg.swift */ = {isa = PBXFileReference; lastKnownFileType = sourcecode.swift; path = RoundedImg.swift; sourceTree = "<group>"; };
		04D88EA021B42A4300729F5D /* ListOfEmployeeTableViewCell.swift */ = {isa = PBXFileReference; lastKnownFileType = sourcecode.swift; path = ListOfEmployeeTableViewCell.swift; sourceTree = "<group>"; };
		04F7EC0B21AB192A00E3C0D0 /* TaskCoreDataTableView.app */ = {isa = PBXFileReference; explicitFileType = wrapper.application; includeInIndex = 0; path = TaskCoreDataTableView.app; sourceTree = BUILT_PRODUCTS_DIR; };
		04F7EC0E21AB192A00E3C0D0 /* AppDelegate.swift */ = {isa = PBXFileReference; lastKnownFileType = sourcecode.swift; path = AppDelegate.swift; sourceTree = "<group>"; };
		04F7EC1021AB192A00E3C0D0 /* TasksViewController.swift */ = {isa = PBXFileReference; lastKnownFileType = sourcecode.swift; path = TasksViewController.swift; sourceTree = "<group>"; };
		04F7EC1321AB192A00E3C0D0 /* Base */ = {isa = PBXFileReference; lastKnownFileType = file.storyboard; name = Base; path = Base.lproj/Main.storyboard; sourceTree = "<group>"; };
		04F7EC1521AB193200E3C0D0 /* Assets.xcassets */ = {isa = PBXFileReference; lastKnownFileType = folder.assetcatalog; path = Assets.xcassets; sourceTree = "<group>"; };
		04F7EC1821AB193200E3C0D0 /* Base */ = {isa = PBXFileReference; lastKnownFileType = file.storyboard; name = Base; path = Base.lproj/LaunchScreen.storyboard; sourceTree = "<group>"; };
		04F7EC1A21AB193200E3C0D0 /* Info.plist */ = {isa = PBXFileReference; lastKnownFileType = text.plist.xml; path = Info.plist; sourceTree = "<group>"; };
		04F7EC2021AB21F900E3C0D0 /* TasksTableViewCell.swift */ = {isa = PBXFileReference; lastKnownFileType = sourcecode.swift; path = TasksTableViewCell.swift; sourceTree = "<group>"; };
		913724A805DED993C4E10390 /* Pods-TaskCoreDataTableView.release.xcconfig */ = {isa = PBXFileReference; includeInIndex = 1; lastKnownFileType = text.xcconfig; name = "Pods-TaskCoreDataTableView.release.xcconfig"; path = "Pods/Target Support Files/Pods-TaskCoreDataTableView/Pods-TaskCoreDataTableView.release.xcconfig"; sourceTree = "<group>"; };
		D8CCE1F44766CB76618882F7 /* Pods-TaskCoreDataTableView.debug.xcconfig */ = {isa = PBXFileReference; includeInIndex = 1; lastKnownFileType = text.xcconfig; name = "Pods-TaskCoreDataTableView.debug.xcconfig"; path = "Pods/Target Support Files/Pods-TaskCoreDataTableView/Pods-TaskCoreDataTableView.debug.xcconfig"; sourceTree = "<group>"; };
/* End PBXFileReference section */

/* Begin PBXFrameworksBuildPhase section */
		04F7EC0821AB192A00E3C0D0 /* Frameworks */ = {
			isa = PBXFrameworksBuildPhase;
			buildActionMask = 2147483647;
			files = (
				656CBB62C54F39ED0AF32AFE /* Pods_TaskCoreDataTableView.framework in Frameworks */,
			);
			runOnlyForDeploymentPostprocessing = 0;
		};
/* End PBXFrameworksBuildPhase section */

/* Begin PBXGroup section */
		04096BDD21B144AA002DDD08 /* ViewController */ = {
			isa = PBXGroup;
			children = (
				04096BF221B15758002DDD08 /* EnteringViewController.swift */,
				04F7EC1021AB192A00E3C0D0 /* TasksViewController.swift */,
				04096BF421B15DEB002DDD08 /* EmployeeViewController.swift */,
				04096C1521B2C79B002DDD08 /* AddEmloyeeInfoVC.swift */,
				043D41F921B41B2D007A6247 /* ListOfEmployeeViewController.swift */,
			);
			path = ViewController;
			sourceTree = "<group>";
		};
		04096BDE21B14534002DDD08 /* ViewModel */ = {
			isa = PBXGroup;
			children = (
				04A028E521AF09EB0046F798 /* CoreTasksViewModel.swift */,
				04096BE021B146AE002DDD08 /* CoreEmloyeesViewModel.swift */,
				043D41F721B40247007A6247 /* CoreViewModelProtocol.swift */,
			);
			path = ViewModel;
			sourceTree = "<group>";
		};
		04096BDF21B1454C002DDD08 /* View */ = {
			isa = PBXGroup;
			children = (
				04F7EC2021AB21F900E3C0D0 /* TasksTableViewCell.swift */,
				04096BF621B19B4D002DDD08 /* EmployeeTableViewCell.swift */,
				043D41FB21B425C4007A6247 /* RoundedButton.swift */,
				04D88E9E21B429E800729F5D /* RoundedImg.swift */,
				04D88EA021B42A4300729F5D /* ListOfEmployeeTableViewCell.swift */,
			);
			path = View;
			sourceTree = "<group>";
		};
		04096BF821B2AE18002DDD08 /* Model */ = {
			isa = PBXGroup;
			children = (
				04A028E321AF08090046F798 /* Task.swift */,
				04096BF921B2AE59002DDD08 /* Employee.swift */,
			);
			path = Model;
			sourceTree = "<group>";
		};
		04A028E721AF2E8D0046F798 /* Constants */ = {
			isa = PBXGroup;
			children = (
				04A028E821AF2ECF0046F798 /* Constants.swift */,
			);
			path = Constants;
			sourceTree = "<group>";
		};
		04F7EC0221AB192A00E3C0D0 = {
			isa = PBXGroup;
			children = (
				04096C1621B2C79B002DDD08 /* AddEmloyeeInfoVC.xib */,
				04F7EC0D21AB192A00E3C0D0 /* TaskCoreDataTableView */,
				04F7EC0C21AB192A00E3C0D0 /* Products */,
				4372BDE7FA1C423B8729DF55 /* Pods */,
				78CA94E26A3708EA305CFA4E /* Frameworks */,
			);
			sourceTree = "<group>";
		};
		04F7EC0C21AB192A00E3C0D0 /* Products */ = {
			isa = PBXGroup;
			children = (
				04F7EC0B21AB192A00E3C0D0 /* TaskCoreDataTableView.app */,
			);
			name = Products;
			sourceTree = "<group>";
		};
		04F7EC0D21AB192A00E3C0D0 /* TaskCoreDataTableView */ = {
			isa = PBXGroup;
			children = (
				04096BF821B2AE18002DDD08 /* Model */,
				04096BDF21B1454C002DDD08 /* View */,
				04096BDE21B14534002DDD08 /* ViewModel */,
				04096BDD21B144AA002DDD08 /* ViewController */,
				04A028E721AF2E8D0046F798 /* Constants */,
				04F7EC0E21AB192A00E3C0D0 /* AppDelegate.swift */,
				04A028E021AF050C0046F798 /* Tasks.xcdatamodeld */,
				04F7EC1221AB192A00E3C0D0 /* Main.storyboard */,
				04F7EC1521AB193200E3C0D0 /* Assets.xcassets */,
				04F7EC1721AB193200E3C0D0 /* LaunchScreen.storyboard */,
				04F7EC1A21AB193200E3C0D0 /* Info.plist */,
			);
			path = TaskCoreDataTableView;
			sourceTree = "<group>";
		};
		4372BDE7FA1C423B8729DF55 /* Pods */ = {
			isa = PBXGroup;
			children = (
				D8CCE1F44766CB76618882F7 /* Pods-TaskCoreDataTableView.debug.xcconfig */,
				913724A805DED993C4E10390 /* Pods-TaskCoreDataTableView.release.xcconfig */,
			);
			name = Pods;
			sourceTree = "<group>";
		};
		78CA94E26A3708EA305CFA4E /* Frameworks */ = {
			isa = PBXGroup;
			children = (
				0384190FA6E41C7918A0C1CF /* Pods_TaskCoreDataTableView.framework */,
			);
			name = Frameworks;
			sourceTree = "<group>";
		};
/* End PBXGroup section */

/* Begin PBXNativeTarget section */
		04F7EC0A21AB192A00E3C0D0 /* TaskCoreDataTableView */ = {
			isa = PBXNativeTarget;
			buildConfigurationList = 04F7EC1D21AB193200E3C0D0 /* Build configuration list for PBXNativeTarget "TaskCoreDataTableView" */;
			buildPhases = (
				19DDF49E20ED8AA850761F4F /* [CP] Check Pods Manifest.lock */,
				04F7EC0721AB192A00E3C0D0 /* Sources */,
				04F7EC0821AB192A00E3C0D0 /* Frameworks */,
				04F7EC0921AB192A00E3C0D0 /* Resources */,
				80BDE5052AC825ECB0942663 /* [CP] Embed Pods Frameworks */,
			);
			buildRules = (
			);
			dependencies = (
			);
			name = TaskCoreDataTableView;
			productName = TaskCoreDataTableView;
			productReference = 04F7EC0B21AB192A00E3C0D0 /* TaskCoreDataTableView.app */;
			productType = "com.apple.product-type.application";
		};
/* End PBXNativeTarget section */

/* Begin PBXProject section */
		04F7EC0321AB192A00E3C0D0 /* Project object */ = {
			isa = PBXProject;
			attributes = {
				LastSwiftUpdateCheck = 1010;
				LastUpgradeCheck = 1010;
				ORGANIZATIONNAME = CO.KrystynaKruchcovska;
				TargetAttributes = {
					04F7EC0A21AB192A00E3C0D0 = {
						CreatedOnToolsVersion = 10.1;
					};
				};
			};
			buildConfigurationList = 04F7EC0621AB192A00E3C0D0 /* Build configuration list for PBXProject "TaskCoreDataTableView" */;
			compatibilityVersion = "Xcode 9.3";
			developmentRegion = en;
			hasScannedForEncodings = 0;
			knownRegions = (
				en,
				Base,
			);
			mainGroup = 04F7EC0221AB192A00E3C0D0;
			productRefGroup = 04F7EC0C21AB192A00E3C0D0 /* Products */;
			projectDirPath = "";
			projectRoot = "";
			targets = (
				04F7EC0A21AB192A00E3C0D0 /* TaskCoreDataTableView */,
			);
		};
/* End PBXProject section */

/* Begin PBXResourcesBuildPhase section */
		04F7EC0921AB192A00E3C0D0 /* Resources */ = {
			isa = PBXResourcesBuildPhase;
			buildActionMask = 2147483647;
			files = (
				04096C1821B2C79B002DDD08 /* AddEmloyeeInfoVC.xib in Resources */,
				04F7EC1921AB193200E3C0D0 /* LaunchScreen.storyboard in Resources */,
				04F7EC1621AB193200E3C0D0 /* Assets.xcassets in Resources */,
				04F7EC1421AB192A00E3C0D0 /* Main.storyboard in Resources */,
			);
			runOnlyForDeploymentPostprocessing = 0;
		};
/* End PBXResourcesBuildPhase section */

/* Begin PBXShellScriptBuildPhase section */
		19DDF49E20ED8AA850761F4F /* [CP] Check Pods Manifest.lock */ = {
			isa = PBXShellScriptBuildPhase;
			buildActionMask = 2147483647;
			files = (
			);
			inputFileListPaths = (
			);
			inputPaths = (
				"${PODS_PODFILE_DIR_PATH}/Podfile.lock",
				"${PODS_ROOT}/Manifest.lock",
			);
			name = "[CP] Check Pods Manifest.lock";
			outputFileListPaths = (
			);
			outputPaths = (
				"$(DERIVED_FILE_DIR)/Pods-TaskCoreDataTableView-checkManifestLockResult.txt",
			);
			runOnlyForDeploymentPostprocessing = 0;
			shellPath = /bin/sh;
			shellScript = "diff \"${PODS_PODFILE_DIR_PATH}/Podfile.lock\" \"${PODS_ROOT}/Manifest.lock\" > /dev/null\nif [ $? != 0 ] ; then\n    # print error to STDERR\n    echo \"error: The sandbox is not in sync with the Podfile.lock. Run 'pod install' or update your CocoaPods installation.\" >&2\n    exit 1\nfi\n# This output is used by Xcode 'outputs' to avoid re-running this script phase.\necho \"SUCCESS\" > \"${SCRIPT_OUTPUT_FILE_0}\"\n";
			showEnvVarsInLog = 0;
		};
		80BDE5052AC825ECB0942663 /* [CP] Embed Pods Frameworks */ = {
			isa = PBXShellScriptBuildPhase;
			buildActionMask = 2147483647;
			files = (
			);
			inputFileListPaths = (
			);
			inputPaths = (
				"${SRCROOT}/Pods/Target Support Files/Pods-TaskCoreDataTableView/Pods-TaskCoreDataTableView-frameworks.sh",
				"${BUILT_PRODUCTS_DIR}/IQKeyboardManager/IQKeyboardManager.framework",
			);
			name = "[CP] Embed Pods Frameworks";
			outputFileListPaths = (
			);
			outputPaths = (
				"${TARGET_BUILD_DIR}/${FRAMEWORKS_FOLDER_PATH}/IQKeyboardManager.framework",
			);
			runOnlyForDeploymentPostprocessing = 0;
			shellPath = /bin/sh;
			shellScript = "\"${SRCROOT}/Pods/Target Support Files/Pods-TaskCoreDataTableView/Pods-TaskCoreDataTableView-frameworks.sh\"\n";
			showEnvVarsInLog = 0;
		};
/* End PBXShellScriptBuildPhase section */

/* Begin PBXSourcesBuildPhase section */
		04F7EC0721AB192A00E3C0D0 /* Sources */ = {
			isa = PBXSourcesBuildPhase;
			buildActionMask = 2147483647;
			files = (
				04A028E221AF050C0046F798 /* Tasks.xcdatamodeld in Sources */,
				04F7EC2121AB21F900E3C0D0 /* TasksTableViewCell.swift in Sources */,
				04096BE121B146AE002DDD08 /* CoreEmloyeesViewModel.swift in Sources */,
				04096BF521B15DEB002DDD08 /* EmployeeViewController.swift in Sources */,
				04D88EA121B42A4300729F5D /* ListOfEmployeeTableViewCell.swift in Sources */,
				04A028E621AF09EB0046F798 /* CoreTasksViewModel.swift in Sources */,
				043D41FA21B41B2D007A6247 /* ListOfEmployeeViewController.swift in Sources */,
				04D88E9F21B429E900729F5D /* RoundedImg.swift in Sources */,
				04A028E421AF08090046F798 /* Task.swift in Sources */,
				04096BF721B19B4D002DDD08 /* EmployeeTableViewCell.swift in Sources */,
				043D41F821B40247007A6247 /* CoreViewModelProtocol.swift in Sources */,
				04A028E921AF2ECF0046F798 /* Constants.swift in Sources */,
				04096BFA21B2AE59002DDD08 /* Employee.swift in Sources */,
				04F7EC1121AB192A00E3C0D0 /* TasksViewController.swift in Sources */,
				04F7EC0F21AB192A00E3C0D0 /* AppDelegate.swift in Sources */,
				043D41FC21B425C4007A6247 /* RoundedButton.swift in Sources */,
				04096BF321B15758002DDD08 /* EnteringViewController.swift in Sources */,
				04096C1721B2C79B002DDD08 /* AddEmloyeeInfoVC.swift in Sources */,
			);
			runOnlyForDeploymentPostprocessing = 0;
		};
/* End PBXSourcesBuildPhase section */

/* Begin PBXVariantGroup section */
		04F7EC1221AB192A00E3C0D0 /* Main.storyboard */ = {
			isa = PBXVariantGroup;
			children = (
				04F7EC1321AB192A00E3C0D0 /* Base */,
			);
			name = Main.storyboard;
			sourceTree = "<group>";
		};
		04F7EC1721AB193200E3C0D0 /* LaunchScreen.storyboard */ = {
			isa = PBXVariantGroup;
			children = (
				04F7EC1821AB193200E3C0D0 /* Base */,
			);
			name = LaunchScreen.storyboard;
			sourceTree = "<group>";
		};
/* End PBXVariantGroup section */

/* Begin XCBuildConfiguration section */
		04F7EC1B21AB193200E3C0D0 /* Debug */ = {
			isa = XCBuildConfiguration;
			buildSettings = {
				ALWAYS_SEARCH_USER_PATHS = NO;
				CLANG_ANALYZER_NONNULL = YES;
				CLANG_ANALYZER_NUMBER_OBJECT_CONVERSION = YES_AGGRESSIVE;
				CLANG_CXX_LANGUAGE_STANDARD = "gnu++14";
				CLANG_CXX_LIBRARY = "libc++";
				CLANG_ENABLE_MODULES = YES;
				CLANG_ENABLE_OBJC_ARC = YES;
				CLANG_ENABLE_OBJC_WEAK = YES;
				CLANG_WARN_BLOCK_CAPTURE_AUTORELEASING = YES;
				CLANG_WARN_BOOL_CONVERSION = YES;
				CLANG_WARN_COMMA = YES;
				CLANG_WARN_CONSTANT_CONVERSION = YES;
				CLANG_WARN_DEPRECATED_OBJC_IMPLEMENTATIONS = YES;
				CLANG_WARN_DIRECT_OBJC_ISA_USAGE = YES_ERROR;
				CLANG_WARN_DOCUMENTATION_COMMENTS = YES;
				CLANG_WARN_EMPTY_BODY = YES;
				CLANG_WARN_ENUM_CONVERSION = YES;
				CLANG_WARN_INFINITE_RECURSION = YES;
				CLANG_WARN_INT_CONVERSION = YES;
				CLANG_WARN_NON_LITERAL_NULL_CONVERSION = YES;
				CLANG_WARN_OBJC_IMPLICIT_RETAIN_SELF = YES;
				CLANG_WARN_OBJC_LITERAL_CONVERSION = YES;
				CLANG_WARN_OBJC_ROOT_CLASS = YES_ERROR;
				CLANG_WARN_RANGE_LOOP_ANALYSIS = YES;
				CLANG_WARN_STRICT_PROTOTYPES = YES;
				CLANG_WARN_SUSPICIOUS_MOVE = YES;
				CLANG_WARN_UNGUARDED_AVAILABILITY = YES_AGGRESSIVE;
				CLANG_WARN_UNREACHABLE_CODE = YES;
				CLANG_WARN__DUPLICATE_METHOD_MATCH = YES;
				CODE_SIGN_IDENTITY = "iPhone Developer";
				COPY_PHASE_STRIP = NO;
				DEBUG_INFORMATION_FORMAT = dwarf;
				ENABLE_STRICT_OBJC_MSGSEND = YES;
				ENABLE_TESTABILITY = YES;
				GCC_C_LANGUAGE_STANDARD = gnu11;
				GCC_DYNAMIC_NO_PIC = NO;
				GCC_NO_COMMON_BLOCKS = YES;
				GCC_OPTIMIZATION_LEVEL = 0;
				GCC_PREPROCESSOR_DEFINITIONS = (
					"DEBUG=1",
					"$(inherited)",
				);
				GCC_WARN_64_TO_32_BIT_CONVERSION = YES;
				GCC_WARN_ABOUT_RETURN_TYPE = YES_ERROR;
				GCC_WARN_UNDECLARED_SELECTOR = YES;
				GCC_WARN_UNINITIALIZED_AUTOS = YES_AGGRESSIVE;
				GCC_WARN_UNUSED_FUNCTION = YES;
				GCC_WARN_UNUSED_VARIABLE = YES;
				IPHONEOS_DEPLOYMENT_TARGET = 12.1;
				MTL_ENABLE_DEBUG_INFO = INCLUDE_SOURCE;
				MTL_FAST_MATH = YES;
				ONLY_ACTIVE_ARCH = YES;
				SDKROOT = iphoneos;
				SWIFT_ACTIVE_COMPILATION_CONDITIONS = DEBUG;
				SWIFT_OPTIMIZATION_LEVEL = "-Onone";
			};
			name = Debug;
		};
		04F7EC1C21AB193200E3C0D0 /* Release */ = {
			isa = XCBuildConfiguration;
			buildSettings = {
				ALWAYS_SEARCH_USER_PATHS = NO;
				CLANG_ANALYZER_NONNULL = YES;
				CLANG_ANALYZER_NUMBER_OBJECT_CONVERSION = YES_AGGRESSIVE;
				CLANG_CXX_LANGUAGE_STANDARD = "gnu++14";
				CLANG_CXX_LIBRARY = "libc++";
				CLANG_ENABLE_MODULES = YES;
				CLANG_ENABLE_OBJC_ARC = YES;
				CLANG_ENABLE_OBJC_WEAK = YES;
				CLANG_WARN_BLOCK_CAPTURE_AUTORELEASING = YES;
				CLANG_WARN_BOOL_CONVERSION = YES;
				CLANG_WARN_COMMA = YES;
				CLANG_WARN_CONSTANT_CONVERSION = YES;
				CLANG_WARN_DEPRECATED_OBJC_IMPLEMENTATIONS = YES;
				CLANG_WARN_DIRECT_OBJC_ISA_USAGE = YES_ERROR;
				CLANG_WARN_DOCUMENTATION_COMMENTS = YES;
				CLANG_WARN_EMPTY_BODY = YES;
				CLANG_WARN_ENUM_CONVERSION = YES;
				CLANG_WARN_INFINITE_RECURSION = YES;
				CLANG_WARN_INT_CONVERSION = YES;
				CLANG_WARN_NON_LITERAL_NULL_CONVERSION = YES;
				CLANG_WARN_OBJC_IMPLICIT_RETAIN_SELF = YES;
				CLANG_WARN_OBJC_LITERAL_CONVERSION = YES;
				CLANG_WARN_OBJC_ROOT_CLASS = YES_ERROR;
				CLANG_WARN_RANGE_LOOP_ANALYSIS = YES;
				CLANG_WARN_STRICT_PROTOTYPES = YES;
				CLANG_WARN_SUSPICIOUS_MOVE = YES;
				CLANG_WARN_UNGUARDED_AVAILABILITY = YES_AGGRESSIVE;
				CLANG_WARN_UNREACHABLE_CODE = YES;
				CLANG_WARN__DUPLICATE_METHOD_MATCH = YES;
				CODE_SIGN_IDENTITY = "iPhone Developer";
				COPY_PHASE_STRIP = NO;
				DEBUG_INFORMATION_FORMAT = "dwarf-with-dsym";
				ENABLE_NS_ASSERTIONS = NO;
				ENABLE_STRICT_OBJC_MSGSEND = YES;
				GCC_C_LANGUAGE_STANDARD = gnu11;
				GCC_NO_COMMON_BLOCKS = YES;
				GCC_WARN_64_TO_32_BIT_CONVERSION = YES;
				GCC_WARN_ABOUT_RETURN_TYPE = YES_ERROR;
				GCC_WARN_UNDECLARED_SELECTOR = YES;
				GCC_WARN_UNINITIALIZED_AUTOS = YES_AGGRESSIVE;
				GCC_WARN_UNUSED_FUNCTION = YES;
				GCC_WARN_UNUSED_VARIABLE = YES;
				IPHONEOS_DEPLOYMENT_TARGET = 12.1;
				MTL_ENABLE_DEBUG_INFO = NO;
				MTL_FAST_MATH = YES;
				SDKROOT = iphoneos;
				SWIFT_COMPILATION_MODE = wholemodule;
				SWIFT_OPTIMIZATION_LEVEL = "-O";
				VALIDATE_PRODUCT = YES;
			};
			name = Release;
		};
		04F7EC1E21AB193200E3C0D0 /* Debug */ = {
			isa = XCBuildConfiguration;
			baseConfigurationReference = D8CCE1F44766CB76618882F7 /* Pods-TaskCoreDataTableView.debug.xcconfig */;
			buildSettings = {
				ASSETCATALOG_COMPILER_APPICON_NAME = AppIcon;
				CODE_SIGN_STYLE = Automatic;
				DEVELOPMENT_TEAM = V8ZG3WLBMM;
				INFOPLIST_FILE = TaskCoreDataTableView/Info.plist;
				LD_RUNPATH_SEARCH_PATHS = (
					"$(inherited)",
					"@executable_path/Frameworks",
				);
				NEW_SETTING = "";
				PRODUCT_BUNDLE_IDENTIFIER = com.KrystynaKruchkovska.TaskCoreDataTableView;
				PRODUCT_NAME = "$(TARGET_NAME)";
				SWIFT_VERSION = 4.2;
				TARGETED_DEVICE_FAMILY = "1,2";
			};
			name = Debug;
		};
		04F7EC1F21AB193200E3C0D0 /* Release */ = {
			isa = XCBuildConfiguration;
			baseConfigurationReference = 913724A805DED993C4E10390 /* Pods-TaskCoreDataTableView.release.xcconfig */;
			buildSettings = {
				ASSETCATALOG_COMPILER_APPICON_NAME = AppIcon;
				CODE_SIGN_STYLE = Automatic;
				DEVELOPMENT_TEAM = V8ZG3WLBMM;
				INFOPLIST_FILE = TaskCoreDataTableView/Info.plist;
				LD_RUNPATH_SEARCH_PATHS = (
					"$(inherited)",
					"@executable_path/Frameworks",
				);
				NEW_SETTING = "";
				PRODUCT_BUNDLE_IDENTIFIER = com.KrystynaKruchkovska.TaskCoreDataTableView;
				PRODUCT_NAME = "$(TARGET_NAME)";
				SWIFT_VERSION = 4.2;
				TARGETED_DEVICE_FAMILY = "1,2";
			};
			name = Release;
		};
/* End XCBuildConfiguration section */

/* Begin XCConfigurationList section */
		04F7EC0621AB192A00E3C0D0 /* Build configuration list for PBXProject "TaskCoreDataTableView" */ = {
			isa = XCConfigurationList;
			buildConfigurations = (
				04F7EC1B21AB193200E3C0D0 /* Debug */,
				04F7EC1C21AB193200E3C0D0 /* Release */,
			);
			defaultConfigurationIsVisible = 0;
			defaultConfigurationName = Release;
		};
		04F7EC1D21AB193200E3C0D0 /* Build configuration list for PBXNativeTarget "TaskCoreDataTableView" */ = {
			isa = XCConfigurationList;
			buildConfigurations = (
				04F7EC1E21AB193200E3C0D0 /* Debug */,
				04F7EC1F21AB193200E3C0D0 /* Release */,
			);
			defaultConfigurationIsVisible = 0;
			defaultConfigurationName = Release;
		};
/* End XCConfigurationList section */

/* Begin XCVersionGroup section */
		04A028E021AF050C0046F798 /* Tasks.xcdatamodeld */ = {
			isa = XCVersionGroup;
			children = (
				04A028E121AF050C0046F798 /* Tasks.xcdatamodel */,
			);
			currentVersion = 04A028E121AF050C0046F798 /* Tasks.xcdatamodel */;
			path = Tasks.xcdatamodeld;
			sourceTree = "<group>";
			versionGroupType = wrapper.xcdatamodel;
		};
/* End XCVersionGroup section */
	};
	rootObject = 04F7EC0321AB192A00E3C0D0 /* Project object */;
}
